
Microsoft Visual Studio Solution File, Format Version 12.00
# Visual Studio 15
VisualStudioVersion = 15.0.28307.1340
MinimumVisualStudioVersion = 10.0.40219.1
Project("{8BC9CEB8-8B4A-11D0-8D11-00A0C91BC942}") = "firstproject", "firstproject\firstproject.vcxproj", "{C20E1853-23E3-46DE-A89D-CE10648C9236}"
EndProject
Global
	GlobalSection(SolutionConfigurationPlatforms) = preSolution
		Debug|x64 = Debug|x64
		Debug|x86 = Debug|x86
		Release|x64 = Release|x64
		Release|x86 = Release|x86
	EndGlobalSection
	GlobalSection(ProjectConfigurationPlatforms) = postSolution
		{C20E1853-23E3-46DE-A89D-CE10648C9236}.Debug|x64.ActiveCfg = Debug|x64
		{C20E1853-23E3-46DE-A89D-CE10648C9236}.Debug|x64.Build.0 = Debug|x64
		{C20E1853-23E3-46DE-A89D-CE10648C9236}.Debug|x86.ActiveCfg = Debug|Win32
		{C20E1853-23E3-46DE-A89D-CE10648C9236}.Debug|x86.Build.0 = Debug|Win32
		{C20E1853-23E3-46DE-A89D-CE10648C9236}.Release|x64.ActiveCfg = Release|x64
		{C20E1853-23E3-46DE-A89D-CE10648C9236}.Release|x64.Build.0 = Release|x64
		{C20E1853-23E3-46DE-A89D-CE10648C9236}.Release|x86.ActiveCfg = Release|Win32
		{C20E1853-23E3-46DE-A89D-CE10648C9236}.Release|x86.Build.0 = Release|Win32
	EndGlobalSection
	GlobalSection(SolutionProperties) = preSolution
		HideSolutionNode = FALSE
	EndGlobalSection
	GlobalSection(ExtensibilityGlobals) = postSolution
		SolutionGuid = {5513CC37-A621-4319-A025-8A90D136BFF1}
	EndGlobalSection
EndGlobal
